
Microsoft Visual Studio Solution File, Format Version 12.00
# Visual Studio Version 17
VisualStudioVersion = 17.4.33213.308
MinimumVisualStudioVersion = 10.0.40219.1
Project("{FAE04EC0-301F-11D3-BF4B-00C04F79EFBC}") = "PDC03_MOD07.Android", "PDC03_MOD07\PDC03_MOD07.Android\PDC03_MOD07.Android.csproj", "{EE4D32C0-FAEA-4BA4-9307-3ED20F84CE4C}"
EndProject
Project("{FAE04EC0-301F-11D3-BF4B-00C04F79EFBC}") = "PDC03_MOD07.iOS", "PDC03_MOD07\PDC03_MOD07.iOS\PDC03_MOD07.iOS.csproj", "{6F8DA457-0BBB-41DA-9C0B-DD13E929A1FC}"
EndProject
Project("{FAE04EC0-301F-11D3-BF4B-00C04F79EFBC}") = "PDC03_MOD07", "PDC03_MOD07\PDC03_MOD07\PDC03_MOD07.csproj", "{06F0E8D2-C4E3-43DC-87BF-48161B46268A}"
EndProject
Global
	GlobalSection(SolutionConfigurationPlatforms) = preSolution
		Debug|Any CPU = Debug|Any CPU
		Debug|iPhone = Debug|iPhone
		Debug|iPhoneSimulator = Debug|iPhoneSimulator
		Release|Any CPU = Release|Any CPU
		Release|iPhone = Release|iPhone
		Release|iPhoneSimulator = Release|iPhoneSimulator
	EndGlobalSection
	GlobalSection(ProjectConfigurationPlatforms) = postSolution
		{EE4D32C0-FAEA-4BA4-9307-3ED20F84CE4C}.Debug|Any CPU.ActiveCfg = Debug|Any CPU
		{EE4D32C0-FAEA-4BA4-9307-3ED20F84CE4C}.Debug|Any CPU.Build.0 = Debug|Any CPU
		{EE4D32C0-FAEA-4BA4-9307-3ED20F84CE4C}.Debug|Any CPU.Deploy.0 = Debug|Any CPU
		{EE4D32C0-FAEA-4BA4-9307-3ED20F84CE4C}.Debug|iPhone.ActiveCfg = Debug|Any CPU
		{EE4D32C0-FAEA-4BA4-9307-3ED20F84CE4C}.Debug|iPhone.Build.0 = Debug|Any CPU
		{EE4D32C0-FAEA-4BA4-9307-3ED20F84CE4C}.Debug|iPhone.Deploy.0 = Debug|Any CPU
		{EE4D32C0-FAEA-4BA4-9307-3ED20F84CE4C}.Debug|iPhoneSimulator.ActiveCfg = Debug|Any CPU
		{EE4D32C0-FAEA-4BA4-9307-3ED20F84CE4C}.Debug|iPhoneSimulator.Build.0 = Debug|Any CPU
		{EE4D32C0-FAEA-4BA4-9307-3ED20F84CE4C}.Debug|iPhoneSimulator.Deploy.0 = Debug|Any CPU
		{EE4D32C0-FAEA-4BA4-9307-3ED20F84CE4C}.Release|Any CPU.ActiveCfg = Release|Any CPU
		{EE4D32C0-FAEA-4BA4-9307-3ED20F84CE4C}.Release|Any CPU.Build.0 = Release|Any CPU
		{EE4D32C0-FAEA-4BA4-9307-3ED20F84CE4C}.Release|Any CPU.Deploy.0 = Release|Any CPU
		{EE4D32C0-FAEA-4BA4-9307-3ED20F84CE4C}.Release|iPhone.ActiveCfg = Release|Any CPU
		{EE4D32C0-FAEA-4BA4-9307-3ED20F84CE4C}.Release|iPhone.Build.0 = Release|Any CPU
		{EE4D32C0-FAEA-4BA4-9307-3ED20F84CE4C}.Release|iPhone.Deploy.0 = Release|Any CPU
		{EE4D32C0-FAEA-4BA4-9307-3ED20F84CE4C}.Release|iPhoneSimulator.ActiveCfg = Release|Any CPU
		{EE4D32C0-FAEA-4BA4-9307-3ED20F84CE4C}.Release|iPhoneSimulator.Build.0 = Release|Any CPU
		{EE4D32C0-FAEA-4BA4-9307-3ED20F84CE4C}.Release|iPhoneSimulator.Deploy.0 = Release|Any CPU
		{6F8DA457-0BBB-41DA-9C0B-DD13E929A1FC}.Debug|Any CPU.ActiveCfg = Debug|iPhone
		{6F8DA457-0BBB-41DA-9C0B-DD13E929A1FC}.Debug|Any CPU.Build.0 = Debug|iPhone
		{6F8DA457-0BBB-41DA-9C0B-DD13E929A1FC}.Debug|Any CPU.Deploy.0 = Debug|iPhone
		{6F8DA457-0BBB-41DA-9C0B-DD13E929A1FC}.Debug|iPhone.ActiveCfg = Debug|iPhone
		{6F8DA457-0BBB-41DA-9C0B-DD13E929A1FC}.Debug|iPhone.Build.0 = Debug|iPhone
		{6F8DA457-0BBB-41DA-9C0B-DD13E929A1FC}.Debug|iPhone.Deploy.0 = Debug|iPhone
		{6F8DA457-0BBB-41DA-9C0B-DD13E929A1FC}.Debug|iPhoneSimulator.ActiveCfg = Debug|iPhoneSimulator
		{6F8DA457-0BBB-41DA-9C0B-DD13E929A1FC}.Debug|iPhoneSimulator.Build.0 = Debug|iPhoneSimulator
		{6F8DA457-0BBB-41DA-9C0B-DD13E929A1FC}.Debug|iPhoneSimulator.Deploy.0 = Debug|iPhoneSimulator
		{6F8DA457-0BBB-41DA-9C0B-DD13E929A1FC}.Release|Any CPU.ActiveCfg = Release|iPhoneSimulator
		{6F8DA457-0BBB-41DA-9C0B-DD13E929A1FC}.Release|Any CPU.Build.0 = Release|iPhoneSimulator
		{6F8DA457-0BBB-41DA-9C0B-DD13E929A1FC}.Release|Any CPU.Deploy.0 = Release|iPhoneSimulator
		{6F8DA457-0BBB-41DA-9C0B-DD13E929A1FC}.Release|iPhone.ActiveCfg = Release|iPhone
		{6F8DA457-0BBB-41DA-9C0B-DD13E929A1FC}.Release|iPhone.Build.0 = Release|iPhone
		{6F8DA457-0BBB-41DA-9C0B-DD13E929A1FC}.Release|iPhone.Deploy.0 = Release|iPhone
		{6F8DA457-0BBB-41DA-9C0B-DD13E929A1FC}.Release|iPhoneSimulator.ActiveCfg = Release|iPhoneSimulator
		{6F8DA457-0BBB-41DA-9C0B-DD13E929A1FC}.Release|iPhoneSimulator.Build.0 = Release|iPhoneSimulator
		{6F8DA457-0BBB-41DA-9C0B-DD13E929A1FC}.Release|iPhoneSimulator.Deploy.0 = Release|iPhoneSimulator
		{06F0E8D2-C4E3-43DC-87BF-48161B46268A}.Debug|Any CPU.ActiveCfg = Debug|Any CPU
		{06F0E8D2-C4E3-43DC-87BF-48161B46268A}.Debug|Any CPU.Build.0 = Debug|Any CPU
		{06F0E8D2-C4E3-43DC-87BF-48161B46268A}.Debug|Any CPU.Deploy.0 = Debug|Any CPU
		{06F0E8D2-C4E3-43DC-87BF-48161B46268A}.Debug|iPhone.ActiveCfg = Debug|Any CPU
		{06F0E8D2-C4E3-43DC-87BF-48161B46268A}.Debug|iPhone.Build.0 = Debug|Any CPU
		{06F0E8D2-C4E3-43DC-87BF-48161B46268A}.Debug|iPhone.Deploy.0 = Debug|Any CPU
		{06F0E8D2-C4E3-43DC-87BF-48161B46268A}.Debug|iPhoneSimulator.ActiveCfg = Debug|Any CPU
		{06F0E8D2-C4E3-43DC-87BF-48161B46268A}.Debug|iPhoneSimulator.Build.0 = Debug|Any CPU
		{06F0E8D2-C4E3-43DC-87BF-48161B46268A}.Debug|iPhoneSimulator.Deploy.0 = Debug|Any CPU
		{06F0E8D2-C4E3-43DC-87BF-48161B46268A}.Release|Any CPU.ActiveCfg = Release|Any CPU
		{06F0E8D2-C4E3-43DC-87BF-48161B46268A}.Release|Any CPU.Build.0 = Release|Any CPU
		{06F0E8D2-C4E3-43DC-87BF-48161B46268A}.Release|Any CPU.Deploy.0 = Release|Any CPU
		{06F0E8D2-C4E3-43DC-87BF-48161B46268A}.Release|iPhone.ActiveCfg = Release|Any CPU
		{06F0E8D2-C4E3-43DC-87BF-48161B46268A}.Release|iPhone.Build.0 = Release|Any CPU
		{06F0E8D2-C4E3-43DC-87BF-48161B46268A}.Release|iPhone.Deploy.0 = Release|Any CPU
		{06F0E8D2-C4E3-43DC-87BF-48161B46268A}.Release|iPhoneSimulator.ActiveCfg = Release|Any CPU
		{06F0E8D2-C4E3-43DC-87BF-48161B46268A}.Release|iPhoneSimulator.Build.0 = Release|Any CPU
		{06F0E8D2-C4E3-43DC-87BF-48161B46268A}.Release|iPhoneSimulator.Deploy.0 = Release|Any CPU
	EndGlobalSection
	GlobalSection(SolutionProperties) = preSolution
		HideSolutionNode = FALSE
	EndGlobalSection
	GlobalSection(ExtensibilityGlobals) = postSolution
		SolutionGuid = {9B9AB88D-51E7-4C49-8A60-46AC5B7B91BE}
	EndGlobalSection
EndGlobal
